// !$*UTF8*$!
{
	archiveVersion = 1;
	classes = {
	};
	objectVersion = 56;
	objects = {

/* Begin PBXBuildFile section */
		0DD5F39C2B9A04460028D18D /* AppDelegate.swift in Sources */ = {isa = PBXBuildFile; fileRef = 0DD5F39B2B9A04460028D18D /* AppDelegate.swift */; };
		0DD5F39E2B9A04460028D18D /* SceneDelegate.swift in Sources */ = {isa = PBXBuildFile; fileRef = 0DD5F39D2B9A04460028D18D /* SceneDelegate.swift */; };
		0DD5F3A02B9A04460028D18D /* ViewController.swift in Sources */ = {isa = PBXBuildFile; fileRef = 0DD5F39F2B9A04460028D18D /* ViewController.swift */; };
		0DD5F3A32B9A04460028D18D /* Main.storyboard in Resources */ = {isa = PBXBuildFile; fileRef = 0DD5F3A12B9A04460028D18D /* Main.storyboard */; };
		0DD5F3A52B9A044A0028D18D /* Assets.xcassets in Resources */ = {isa = PBXBuildFile; fileRef = 0DD5F3A42B9A044A0028D18D /* Assets.xcassets */; };
		0DD5F3A82B9A044A0028D18D /* LaunchScreen.storyboard in Resources */ = {isa = PBXBuildFile; fileRef = 0DD5F3A62B9A044A0028D18D /* LaunchScreen.storyboard */; };
		0DD5F3B32B9A044A0028D18D /* storyboad_projectTests.swift in Sources */ = {isa = PBXBuildFile; fileRef = 0DD5F3B22B9A044A0028D18D /* storyboad_projectTests.swift */; };
		0DD5F3BD2B9A044A0028D18D /* storyboad_projectUITests.swift in Sources */ = {isa = PBXBuildFile; fileRef = 0DD5F3BC2B9A044A0028D18D /* storyboad_projectUITests.swift */; };
		0DD5F3BF2B9A044A0028D18D /* storyboad_projectUITestsLaunchTests.swift in Sources */ = {isa = PBXBuildFile; fileRef = 0DD5F3BE2B9A044A0028D18D /* storyboad_projectUITestsLaunchTests.swift */; };
/* End PBXBuildFile section */

/* Begin PBXContainerItemProxy section */
		0DD5F3AF2B9A044A0028D18D /* PBXContainerItemProxy */ = {
			isa = PBXContainerItemProxy;
			containerPortal = 0DD5F3902B9A04460028D18D /* Project object */;
			proxyType = 1;
			remoteGlobalIDString = 0DD5F3972B9A04460028D18D;
			remoteInfo = storyboad_project;
		};
		0DD5F3B92B9A044A0028D18D /* PBXContainerItemProxy */ = {
			isa = PBXContainerItemProxy;
			containerPortal = 0DD5F3902B9A04460028D18D /* Project object */;
			proxyType = 1;
			remoteGlobalIDString = 0DD5F3972B9A04460028D18D;
			remoteInfo = storyboad_project;
		};
/* End PBXContainerItemProxy section */

/* Begin PBXFileReference section */
		0DD5F3982B9A04460028D18D /* storyboad_project.app */ = {isa = PBXFileReference; explicitFileType = wrapper.application; includeInIndex = 0; path = storyboad_project.app; sourceTree = BUILT_PRODUCTS_DIR; };
		0DD5F39B2B9A04460028D18D /* AppDelegate.swift */ = {isa = PBXFileReference; lastKnownFileType = sourcecode.swift; path = AppDelegate.swift; sourceTree = "<group>"; };
		0DD5F39D2B9A04460028D18D /* SceneDelegate.swift */ = {isa = PBXFileReference; lastKnownFileType = sourcecode.swift; path = SceneDelegate.swift; sourceTree = "<group>"; };
		0DD5F39F2B9A04460028D18D /* ViewController.swift */ = {isa = PBXFileReference; lastKnownFileType = sourcecode.swift; path = ViewController.swift; sourceTree = "<group>"; };
		0DD5F3A22B9A04460028D18D /* Base */ = {isa = PBXFileReference; lastKnownFileType = file.storyboard; name = Base; path = Base.lproj/Main.storyboard; sourceTree = "<group>"; };
		0DD5F3A42B9A044A0028D18D /* Assets.xcassets */ = {isa = PBXFileReference; lastKnownFileType = folder.assetcatalog; path = Assets.xcassets; sourceTree = "<group>"; };
		0DD5F3A72B9A044A0028D18D /* Base */ = {isa = PBXFileReference; lastKnownFileType = file.storyboard; name = Base; path = Base.lproj/LaunchScreen.storyboard; sourceTree = "<group>"; };
		0DD5F3A92B9A044A0028D18D /* Info.plist */ = {isa = PBXFileReference; lastKnownFileType = text.plist.xml; path = Info.plist; sourceTree = "<group>"; };
		0DD5F3AE2B9A044A0028D18D /* storyboad_projectTests.xctest */ = {isa = PBXFileReference; explicitFileType = wrapper.cfbundle; includeInIndex = 0; path = storyboad_projectTests.xctest; sourceTree = BUILT_PRODUCTS_DIR; };
		0DD5F3B22B9A044A0028D18D /* storyboad_projectTests.swift */ = {isa = PBXFileReference; lastKnownFileType = sourcecode.swift; path = storyboad_projectTests.swift; sourceTree = "<group>"; };
		0DD5F3B82B9A044A0028D18D /* storyboad_projectUITests.xctest */ = {isa = PBXFileReference; explicitFileType = wrapper.cfbundle; includeInIndex = 0; path = storyboad_projectUITests.xctest; sourceTree = BUILT_PRODUCTS_DIR; };
		0DD5F3BC2B9A044A0028D18D /* storyboad_projectUITests.swift */ = {isa = PBXFileReference; lastKnownFileType = sourcecode.swift; path = storyboad_projectUITests.swift; sourceTree = "<group>"; };
		0DD5F3BE2B9A044A0028D18D /* storyboad_projectUITestsLaunchTests.swift */ = {isa = PBXFileReference; lastKnownFileType = sourcecode.swift; path = storyboad_projectUITestsLaunchTests.swift; sourceTree = "<group>"; };
/* End PBXFileReference section */

/* Begin PBXFrameworksBuildPhase section */
		0DD5F3952B9A04460028D18D /* Frameworks */ = {
			isa = PBXFrameworksBuildPhase;
			buildActionMask = 2147483647;
			files = (
			);
			runOnlyForDeploymentPostprocessing = 0;
		};
		0DD5F3AB2B9A044A0028D18D /* Frameworks */ = {
			isa = PBXFrameworksBuildPhase;
			buildActionMask = 2147483647;
			files = (
			);
			runOnlyForDeploymentPostprocessing = 0;
		};
		0DD5F3B52B9A044A0028D18D /* Frameworks */ = {
			isa = PBXFrameworksBuildPhase;
			buildActionMask = 2147483647;
			files = (
			);
			runOnlyForDeploymentPostprocessing = 0;
		};
/* End PBXFrameworksBuildPhase section */

/* Begin PBXGroup section */
		0DD5F38F2B9A04460028D18D = {
			isa = PBXGroup;
			children = (
				0DD5F39A2B9A04460028D18D /* storyboad_project */,
				0DD5F3B12B9A044A0028D18D /* storyboad_projectTests */,
				0DD5F3BB2B9A044A0028D18D /* storyboad_projectUITests */,
				0DD5F3992B9A04460028D18D /* Products */,
			);
			sourceTree = "<group>";
		};
		0DD5F3992B9A04460028D18D /* Products */ = {
			isa = PBXGroup;
			children = (
				0DD5F3982B9A04460028D18D /* storyboad_project.app */,
				0DD5F3AE2B9A044A0028D18D /* storyboad_projectTests.xctest */,
				0DD5F3B82B9A044A0028D18D /* storyboad_projectUITests.xctest */,
			);
			name = Products;
			sourceTree = "<group>";
		};
		0DD5F39A2B9A04460028D18D /* storyboad_project */ = {
			isa = PBXGroup;
			children = (
				0DD5F39B2B9A04460028D18D /* AppDelegate.swift */,
				0DD5F39D2B9A04460028D18D /* SceneDelegate.swift */,
				0DD5F39F2B9A04460028D18D /* ViewController.swift */,
				0DD5F3A12B9A04460028D18D /* Main.storyboard */,
				0DD5F3A42B9A044A0028D18D /* Assets.xcassets */,
				0DD5F3A62B9A044A0028D18D /* LaunchScreen.storyboard */,
				0DD5F3A92B9A044A0028D18D /* Info.plist */,
			);
			path = storyboad_project;
			sourceTree = "<group>";
		};
		0DD5F3B12B9A044A0028D18D /* storyboad_projectTests */ = {
			isa = PBXGroup;
			children = (
				0DD5F3B22B9A044A0028D18D /* storyboad_projectTests.swift */,
			);
			path = storyboad_projectTests;
			sourceTree = "<group>";
		};
		0DD5F3BB2B9A044A0028D18D /* storyboad_projectUITests */ = {
			isa = PBXGroup;
			children = (
				0DD5F3BC2B9A044A0028D18D /* storyboad_projectUITests.swift */,
				0DD5F3BE2B9A044A0028D18D /* storyboad_projectUITestsLaunchTests.swift */,
			);
			path = storyboad_projectUITests;
			sourceTree = "<group>";
		};
/* End PBXGroup section */

/* Begin PBXNativeTarget section */
		0DD5F3972B9A04460028D18D /* storyboad_project */ = {
			isa = PBXNativeTarget;
			buildConfigurationList = 0DD5F3C22B9A044A0028D18D /* Build configuration list for PBXNativeTarget "storyboad_project" */;
			buildPhases = (
				0DD5F3942B9A04460028D18D /* Sources */,
				0DD5F3952B9A04460028D18D /* Frameworks */,
				0DD5F3962B9A04460028D18D /* Resources */,
			);
			buildRules = (
			);
			dependencies = (
			);
			name = storyboad_project;
			productName = storyboad_project;
			productReference = 0DD5F3982B9A04460028D18D /* storyboad_project.app */;
			productType = "com.apple.product-type.application";
		};
		0DD5F3AD2B9A044A0028D18D /* storyboad_projectTests */ = {
			isa = PBXNativeTarget;
			buildConfigurationList = 0DD5F3C52B9A044A0028D18D /* Build configuration list for PBXNativeTarget "storyboad_projectTests" */;
			buildPhases = (
				0DD5F3AA2B9A044A0028D18D /* Sources */,
				0DD5F3AB2B9A044A0028D18D /* Frameworks */,
				0DD5F3AC2B9A044A0028D18D /* Resources */,
			);
			buildRules = (
			);
			dependencies = (
				0DD5F3B02B9A044A0028D18D /* PBXTargetDependency */,
			);
			name = storyboad_projectTests;
			productName = storyboad_projectTests;
			productReference = 0DD5F3AE2B9A044A0028D18D /* storyboad_projectTests.xctest */;
			productType = "com.apple.product-type.bundle.unit-test";
		};
		0DD5F3B72B9A044A0028D18D /* storyboad_projectUITests */ = {
			isa = PBXNativeTarget;
			buildConfigurationList = 0DD5F3C82B9A044A0028D18D /* Build configuration list for PBXNativeTarget "storyboad_projectUITests" */;
			buildPhases = (
				0DD5F3B42B9A044A0028D18D /* Sources */,
				0DD5F3B52B9A044A0028D18D /* Frameworks */,
				0DD5F3B62B9A044A0028D18D /* Resources */,
			);
			buildRules = (
			);
			dependencies = (
				0DD5F3BA2B9A044A0028D18D /* PBXTargetDependency */,
			);
			name = storyboad_projectUITests;
			productName = storyboad_projectUITests;
			productReference = 0DD5F3B82B9A044A0028D18D /* storyboad_projectUITests.xctest */;
			productType = "com.apple.product-type.bundle.ui-testing";
		};
/* End PBXNativeTarget section */

/* Begin PBXProject section */
		0DD5F3902B9A04460028D18D /* Project object */ = {
			isa = PBXProject;
			attributes = {
				BuildIndependentTargetsInParallel = 1;
				LastSwiftUpdateCheck = 1520;
				LastUpgradeCheck = 1520;
				TargetAttributes = {
					0DD5F3972B9A04460028D18D = {
						CreatedOnToolsVersion = 15.2;
					};
					0DD5F3AD2B9A044A0028D18D = {
						CreatedOnToolsVersion = 15.2;
						TestTargetID = 0DD5F3972B9A04460028D18D;
					};
					0DD5F3B72B9A044A0028D18D = {
						CreatedOnToolsVersion = 15.2;
						TestTargetID = 0DD5F3972B9A04460028D18D;
					};
				};
			};
			buildConfigurationList = 0DD5F3932B9A04460028D18D /* Build configuration list for PBXProject "storyboad_project" */;
			compatibilityVersion = "Xcode 14.0";
			developmentRegion = en;
			hasScannedForEncodings = 0;
			knownRegions = (
				en,
				Base,
			);
			mainGroup = 0DD5F38F2B9A04460028D18D;
			productRefGroup = 0DD5F3992B9A04460028D18D /* Products */;
			projectDirPath = "";
			projectRoot = "";
			targets = (
				0DD5F3972B9A04460028D18D /* storyboad_project */,
				0DD5F3AD2B9A044A0028D18D /* storyboad_projectTests */,
				0DD5F3B72B9A044A0028D18D /* storyboad_projectUITests */,
			);
		};
/* End PBXProject section */

/* Begin PBXResourcesBuildPhase section */
		0DD5F3962B9A04460028D18D /* Resources */ = {
			isa = PBXResourcesBuildPhase;
			buildActionMask = 2147483647;
			files = (
				0DD5F3A82B9A044A0028D18D /* LaunchScreen.storyboard in Resources */,
				0DD5F3A52B9A044A0028D18D /* Assets.xcassets in Resources */,
				0DD5F3A32B9A04460028D18D /* Main.storyboard in Resources */,
			);
			runOnlyForDeploymentPostprocessing = 0;
		};
		0DD5F3AC2B9A044A0028D18D /* Resources */ = {
			isa = PBXResourcesBuildPhase;
			buildActionMask = 2147483647;
			files = (
			);
			runOnlyForDeploymentPostprocessing = 0;
		};
		0DD5F3B62B9A044A0028D18D /* Resources */ = {
			isa = PBXResourcesBuildPhase;
			buildActionMask = 2147483647;
			files = (
			);
			runOnlyForDeploymentPostprocessing = 0;
		};
/* End PBXResourcesBuildPhase section */

/* Begin PBXSourcesBuildPhase section */
		0DD5F3942B9A04460028D18D /* Sources */ = {
			isa = PBXSourcesBuildPhase;
			buildActionMask = 2147483647;
			files = (
				0DD5F3A02B9A04460028D18D /* ViewController.swift in Sources */,
				0DD5F39C2B9A04460028D18D /* AppDelegate.swift in Sources */,
				0DD5F39E2B9A04460028D18D /* SceneDelegate.swift in Sources */,
			);
			runOnlyForDeploymentPostprocessing = 0;
		};
		0DD5F3AA2B9A044A0028D18D /* Sources */ = {
			isa = PBXSourcesBuildPhase;
			buildActionMask = 2147483647;
			files = (
				0DD5F3B32B9A044A0028D18D /* storyboad_projectTests.swift in Sources */,
			);
			runOnlyForDeploymentPostprocessing = 0;
		};
		0DD5F3B42B9A044A0028D18D /* Sources */ = {
			isa = PBXSourcesBuildPhase;
			buildActionMask = 2147483647;
			files = (
				0DD5F3BF2B9A044A0028D18D /* storyboad_projectUITestsLaunchTests.swift in Sources */,
				0DD5F3BD2B9A044A0028D18D /* storyboad_projectUITests.swift in Sources */,
			);
			runOnlyForDeploymentPostprocessing = 0;
		};
/* End PBXSourcesBuildPhase section */

/* Begin PBXTargetDependency section */
		0DD5F3B02B9A044A0028D18D /* PBXTargetDependency */ = {
			isa = PBXTargetDependency;
			target = 0DD5F3972B9A04460028D18D /* storyboad_project */;
			targetProxy = 0DD5F3AF2B9A044A0028D18D /* PBXContainerItemProxy */;
		};
		0DD5F3BA2B9A044A0028D18D /* PBXTargetDependency */ = {
			isa = PBXTargetDependency;
			target = 0DD5F3972B9A04460028D18D /* storyboad_project */;
			targetProxy = 0DD5F3B92B9A044A0028D18D /* PBXContainerItemProxy */;
		};
/* End PBXTargetDependency section */

/* Begin PBXVariantGroup section */
		0DD5F3A12B9A04460028D18D /* Main.storyboard */ = {
			isa = PBXVariantGroup;
			children = (
				0DD5F3A22B9A04460028D18D /* Base */,
			);
			name = Main.storyboard;
			sourceTree = "<group>";
		};
		0DD5F3A62B9A044A0028D18D /* LaunchScreen.storyboard */ = {
			isa = PBXVariantGroup;
			children = (
				0DD5F3A72B9A044A0028D18D /* Base */,
			);
			name = LaunchScreen.storyboard;
			sourceTree = "<group>";
		};
/* End PBXVariantGroup section */

/* Begin XCBuildConfiguration section */
		0DD5F3C02B9A044A0028D18D /* Debug */ = {
			isa = XCBuildConfiguration;
			buildSettings = {
				ALWAYS_SEARCH_USER_PATHS = NO;
				ASSETCATALOG_COMPILER_GENERATE_SWIFT_ASSET_SYMBOL_EXTENSIONS = YES;
				CLANG_ANALYZER_NONNULL = YES;
				CLANG_ANALYZER_NUMBER_OBJECT_CONVERSION = YES_AGGRESSIVE;
				CLANG_CXX_LANGUAGE_STANDARD = "gnu++20";
				CLANG_ENABLE_MODULES = YES;
				CLANG_ENABLE_OBJC_ARC = YES;
				CLANG_ENABLE_OBJC_WEAK = YES;
				CLANG_WARN_BLOCK_CAPTURE_AUTORELEASING = YES;
				CLANG_WARN_BOOL_CONVERSION = YES;
				CLANG_WARN_COMMA = YES;
				CLANG_WARN_CONSTANT_CONVERSION = YES;
				CLANG_WARN_DEPRECATED_OBJC_IMPLEMENTATIONS = YES;
				CLANG_WARN_DIRECT_OBJC_ISA_USAGE = YES_ERROR;
				CLANG_WARN_DOCUMENTATION_COMMENTS = YES;
				CLANG_WARN_EMPTY_BODY = YES;
				CLANG_WARN_ENUM_CONVERSION = YES;
				CLANG_WARN_INFINITE_RECURSION = YES;
				CLANG_WARN_INT_CONVERSION = YES;
				CLANG_WARN_NON_LITERAL_NULL_CONVERSION = YES;
				CLANG_WARN_OBJC_IMPLICIT_RETAIN_SELF = YES;
				CLANG_WARN_OBJC_LITERAL_CONVERSION = YES;
				CLANG_WARN_OBJC_ROOT_CLASS = YES_ERROR;
				CLANG_WARN_QUOTED_INCLUDE_IN_FRAMEWORK_HEADER = YES;
				CLANG_WARN_RANGE_LOOP_ANALYSIS = YES;
				CLANG_WARN_STRICT_PROTOTYPES = YES;
				CLANG_WARN_SUSPICIOUS_MOVE = YES;
				CLANG_WARN_UNGUARDED_AVAILABILITY = YES_AGGRESSIVE;
				CLANG_WARN_UNREACHABLE_CODE = YES;
				CLANG_WARN__DUPLICATE_METHOD_MATCH = YES;
				COPY_PHASE_STRIP = NO;
				DEBUG_INFORMATION_FORMAT = dwarf;
				ENABLE_STRICT_OBJC_MSGSEND = YES;
				ENABLE_TESTABILITY = YES;
				ENABLE_USER_SCRIPT_SANDBOXING = YES;
				GCC_C_LANGUAGE_STANDARD = gnu17;
				GCC_DYNAMIC_NO_PIC = NO;
				GCC_NO_COMMON_BLOCKS = YES;
				GCC_OPTIMIZATION_LEVEL = 0;
				GCC_PREPROCESSOR_DEFINITIONS = (
					"DEBUG=1",
					"$(inherited)",
				);
				GCC_WARN_64_TO_32_BIT_CONVERSION = YES;
				GCC_WARN_ABOUT_RETURN_TYPE = YES_ERROR;
				GCC_WARN_UNDECLARED_SELECTOR = YES;
				GCC_WARN_UNINITIALIZED_AUTOS = YES_AGGRESSIVE;
				GCC_WARN_UNUSED_FUNCTION = YES;
				GCC_WARN_UNUSED_VARIABLE = YES;
				IPHONEOS_DEPLOYMENT_TARGET = 17.2;
				LOCALIZATION_PREFERS_STRING_CATALOGS = YES;
				MTL_ENABLE_DEBUG_INFO = INCLUDE_SOURCE;
				MTL_FAST_MATH = YES;
				ONLY_ACTIVE_ARCH = YES;
				SDKROOT = iphoneos;
				SWIFT_ACTIVE_COMPILATION_CONDITIONS = "DEBUG $(inherited)";
				SWIFT_OPTIMIZATION_LEVEL = "-Onone";
			};
			name = Debug;
		};
		0DD5F3C12B9A044A0028D18D /* Release */ = {
			isa = XCBuildConfiguration;
			buildSettings = {
				ALWAYS_SEARCH_USER_PATHS = NO;
				ASSETCATALOG_COMPILER_GENERATE_SWIFT_ASSET_SYMBOL_EXTENSIONS = YES;
				CLANG_ANALYZER_NONNULL = YES;
				CLANG_ANALYZER_NUMBER_OBJECT_CONVERSION = YES_AGGRESSIVE;
				CLANG_CXX_LANGUAGE_STANDARD = "gnu++20";
				CLANG_ENABLE_MODULES = YES;
				CLANG_ENABLE_OBJC_ARC = YES;
				CLANG_ENABLE_OBJC_WEAK = YES;
				CLANG_WARN_BLOCK_CAPTURE_AUTORELEASING = YES;
				CLANG_WARN_BOOL_CONVERSION = YES;
				CLANG_WARN_COMMA = YES;
				CLANG_WARN_CONSTANT_CONVERSION = YES;
				CLANG_WARN_DEPRECATED_OBJC_IMPLEMENTATIONS = YES;
				CLANG_WARN_DIRECT_OBJC_ISA_USAGE = YES_ERROR;
				CLANG_WARN_DOCUMENTATION_COMMENTS = YES;
				CLANG_WARN_EMPTY_BODY = YES;
				CLANG_WARN_ENUM_CONVERSION = YES;
				CLANG_WARN_INFINITE_RECURSION = YES;
				CLANG_WARN_INT_CONVERSION = YES;
				CLANG_WARN_NON_LITERAL_NULL_CONVERSION = YES;
				CLANG_WARN_OBJC_IMPLICIT_RETAIN_SELF = YES;
				CLANG_WARN_OBJC_LITERAL_CONVERSION = YES;
				CLANG_WARN_OBJC_ROOT_CLASS = YES_ERROR;
				CLANG_WARN_QUOTED_INCLUDE_IN_FRAMEWORK_HEADER = YES;
				CLANG_WARN_RANGE_LOOP_ANALYSIS = YES;
				CLANG_WARN_STRICT_PROTOTYPES = YES;
				CLANG_WARN_SUSPICIOUS_MOVE = YES;
				CLANG_WARN_UNGUARDED_AVAILABILITY = YES_AGGRESSIVE;
				CLANG_WARN_UNREACHABLE_CODE = YES;
				CLANG_WARN__DUPLICATE_METHOD_MATCH = YES;
				COPY_PHASE_STRIP = NO;
				DEBUG_INFORMATION_FORMAT = "dwarf-with-dsym";
				ENABLE_NS_ASSERTIONS = NO;
				ENABLE_STRICT_OBJC_MSGSEND = YES;
				ENABLE_USER_SCRIPT_SANDBOXING = YES;
				GCC_C_LANGUAGE_STANDARD = gnu17;
				GCC_NO_COMMON_BLOCKS = YES;
				GCC_WARN_64_TO_32_BIT_CONVERSION = YES;
				GCC_WARN_ABOUT_RETURN_TYPE = YES_ERROR;
				GCC_WARN_UNDECLARED_SELECTOR = YES;
				GCC_WARN_UNINITIALIZED_AUTOS = YES_AGGRESSIVE;
				GCC_WARN_UNUSED_FUNCTION = YES;
				GCC_WARN_UNUSED_VARIABLE = YES;
				IPHONEOS_DEPLOYMENT_TARGET = 17.2;
				LOCALIZATION_PREFERS_STRING_CATALOGS = YES;
				MTL_ENABLE_DEBUG_INFO = NO;
				MTL_FAST_MATH = YES;
				SDKROOT = iphoneos;
				SWIFT_COMPILATION_MODE = wholemodule;
				VALIDATE_PRODUCT = YES;
			};
			name = Release;
		};
		0DD5F3C32B9A044A0028D18D /* Debug */ = {
			isa = XCBuildConfiguration;
			buildSettings = {
				ASSETCATALOG_COMPILER_APPICON_NAME = AppIcon;
				ASSETCATALOG_COMPILER_GLOBAL_ACCENT_COLOR_NAME = AccentColor;
				CODE_SIGN_STYLE = Automatic;
				CURRENT_PROJECT_VERSION = 1;
				DEVELOPMENT_TEAM = 8PLY4P4X3B;
				GENERATE_INFOPLIST_FILE = YES;
				INFOPLIST_FILE = storyboad_project/Info.plist;
				INFOPLIST_KEY_UIApplicationSupportsIndirectInputEvents = YES;
				INFOPLIST_KEY_UILaunchStoryboardName = LaunchScreen;
				INFOPLIST_KEY_UIMainStoryboardFile = Main;
				INFOPLIST_KEY_UISupportedInterfaceOrientations_iPad = "UIInterfaceOrientationPortrait UIInterfaceOrientationPortraitUpsideDown UIInterfaceOrientationLandscapeLeft UIInterfaceOrientationLandscapeRight";
				INFOPLIST_KEY_UISupportedInterfaceOrientations_iPhone = "UIInterfaceOrientationPortrait UIInterfaceOrientationLandscapeLeft UIInterfaceOrientationLandscapeRight";
				LD_RUNPATH_SEARCH_PATHS = (
					"$(inherited)",
					"@executable_path/Frameworks",
				);
				MARKETING_VERSION = 1.0;
				PRODUCT_BUNDLE_IDENTIFIER = "com.example.storyboad-project";
				PRODUCT_NAME = "$(TARGET_NAME)";
				SWIFT_EMIT_LOC_STRINGS = YES;
				SWIFT_VERSION = 5.0;
				TARGETED_DEVICE_FAMILY = "1,2";
			};
			name = Debug;
		};
		0DD5F3C42B9A044A0028D18D /* Release */ = {
			isa = XCBuildConfiguration;
			buildSettings = {
				ASSETCATALOG_COMPILER_APPICON_NAME = AppIcon;
				ASSETCATALOG_COMPILER_GLOBAL_ACCENT_COLOR_NAME = AccentColor;
				CODE_SIGN_STYLE = Automatic;
				CURRENT_PROJECT_VERSION = 1;
				DEVELOPMENT_TEAM = 8PLY4P4X3B;
				GENERATE_INFOPLIST_FILE = YES;
				INFOPLIST_FILE = storyboad_project/Info.plist;
				INFOPLIST_KEY_UIApplicationSupportsIndirectInputEvents = YES;
				INFOPLIST_KEY_UILaunchStoryboardName = LaunchScreen;
				INFOPLIST_KEY_UIMainStoryboardFile = Main;
				INFOPLIST_KEY_UISupportedInterfaceOrientations_iPad = "UIInterfaceOrientationPortrait UIInterfaceOrientationPortraitUpsideDown UIInterfaceOrientationLandscapeLeft UIInterfaceOrientationLandscapeRight";
				INFOPLIST_KEY_UISupportedInterfaceOrientations_iPhone = "UIInterfaceOrientationPortrait UIInterfaceOrientationLandscapeLeft UIInterfaceOrientationLandscapeRight";
				LD_RUNPATH_SEARCH_PATHS = (
					"$(inherited)",
					"@executable_path/Frameworks",
				);
				MARKETING_VERSION = 1.0;
				PRODUCT_BUNDLE_IDENTIFIER = "com.example.storyboad-project";
				PRODUCT_NAME = "$(TARGET_NAME)";
				SWIFT_EMIT_LOC_STRINGS = YES;
				SWIFT_VERSION = 5.0;
				TARGETED_DEVICE_FAMILY = "1,2";
			};
			name = Release;
		};
		0DD5F3C62B9A044A0028D18D /* Debug */ = {
			isa = XCBuildConfiguration;
			buildSettings = {
				ALWAYS_EMBED_SWIFT_STANDARD_LIBRARIES = YES;
				BUNDLE_LOADER = "$(TEST_HOST)";
				CODE_SIGN_STYLE = Automatic;
				CURRENT_PROJECT_VERSION = 1;
				DEVELOPMENT_TEAM = 8PLY4P4X3B;
				GENERATE_INFOPLIST_FILE = YES;
				IPHONEOS_DEPLOYMENT_TARGET = 17.2;
				MARKETING_VERSION = 1.0;
				PRODUCT_BUNDLE_IDENTIFIER = "com.example.storyboad-projectTests";
				PRODUCT_NAME = "$(TARGET_NAME)";
				SWIFT_EMIT_LOC_STRINGS = NO;
				SWIFT_VERSION = 5.0;
				TARGETED_DEVICE_FAMILY = "1,2";
				TEST_HOST = "$(BUILT_PRODUCTS_DIR)/storyboad_project.app/$(BUNDLE_EXECUTABLE_FOLDER_PATH)/storyboad_project";
			};
			name = Debug;
		};
		0DD5F3C72B9A044A0028D18D /* Release */ = {
			isa = XCBuildConfiguration;
			buildSettings = {
				ALWAYS_EMBED_SWIFT_STANDARD_LIBRARIES = YES;
				BUNDLE_LOADER = "$(TEST_HOST)";
				CODE_SIGN_STYLE = Automatic;
				CURRENT_PROJECT_VERSION = 1;
				DEVELOPMENT_TEAM = 8PLY4P4X3B;
				GENERATE_INFOPLIST_FILE = YES;
				IPHONEOS_DEPLOYMENT_TARGET = 17.2;
				MARKETING_VERSION = 1.0;
				PRODUCT_BUNDLE_IDENTIFIER = "com.example.storyboad-projectTests";
				PRODUCT_NAME = "$(TARGET_NAME)";
				SWIFT_EMIT_LOC_STRINGS = NO;
				SWIFT_VERSION = 5.0;
				TARGETED_DEVICE_FAMILY = "1,2";
				TEST_HOST = "$(BUILT_PRODUCTS_DIR)/storyboad_project.app/$(BUNDLE_EXECUTABLE_FOLDER_PATH)/storyboad_project";
			};
			name = Release;
		};
		0DD5F3C92B9A044A0028D18D /* Debug */ = {
			isa = XCBuildConfiguration;
			buildSettings = {
				ALWAYS_EMBED_SWIFT_STANDARD_LIBRARIES = YES;
				CODE_SIGN_STYLE = Automatic;
				CURRENT_PROJECT_VERSION = 1;
				DEVELOPMENT_TEAM = 8PLY4P4X3B;
				GENERATE_INFOPLIST_FILE = YES;
				MARKETING_VERSION = 1.0;
				PRODUCT_BUNDLE_IDENTIFIER = "com.example.storyboad-projectUITests";
				PRODUCT_NAME = "$(TARGET_NAME)";
				SWIFT_EMIT_LOC_STRINGS = NO;
				SWIFT_VERSION = 5.0;
				TARGETED_DEVICE_FAMILY = "1,2";
				TEST_TARGET_NAME = storyboad_project;
			};
			name = Debug;
		};
		0DD5F3CA2B9A044A0028D18D /* Release */ = {
			isa = XCBuildConfiguration;
			buildSettings = {
				ALWAYS_EMBED_SWIFT_STANDARD_LIBRARIES = YES;
				CODE_SIGN_STYLE = Automatic;
				CURRENT_PROJECT_VERSION = 1;
				DEVELOPMENT_TEAM = 8PLY4P4X3B;
				GENERATE_INFOPLIST_FILE = YES;
				MARKETING_VERSION = 1.0;
				PRODUCT_BUNDLE_IDENTIFIER = "com.example.storyboad-projectUITests";
				PRODUCT_NAME = "$(TARGET_NAME)";
				SWIFT_EMIT_LOC_STRINGS = NO;
				SWIFT_VERSION = 5.0;
				TARGETED_DEVICE_FAMILY = "1,2";
				TEST_TARGET_NAME = storyboad_project;
			};
			name = Release;
		};
/* End XCBuildConfiguration section */

/* Begin XCConfigurationList section */
		0DD5F3932B9A04460028D18D /* Build configuration list for PBXProject "storyboad_project" */ = {
			isa = XCConfigurationList;
			buildConfigurations = (
				0DD5F3C02B9A044A0028D18D /* Debug */,
				0DD5F3C12B9A044A0028D18D /* Release */,
			);
			defaultConfigurationIsVisible = 0;
			defaultConfigurationName = Release;
		};
		0DD5F3C22B9A044A0028D18D /* Build configuration list for PBXNativeTarget "storyboad_project" */ = {
			isa = XCConfigurationList;
			buildConfigurations = (
				0DD5F3C32B9A044A0028D18D /* Debug */,
				0DD5F3C42B9A044A0028D18D /* Release */,
			);
			defaultConfigurationIsVisible = 0;
			defaultConfigurationName = Release;
		};
		0DD5F3C52B9A044A0028D18D /* Build configuration list for PBXNativeTarget "storyboad_projectTests" */ = {
			isa = XCConfigurationList;
			buildConfigurations = (
				0DD5F3C62B9A044A0028D18D /* Debug */,
				0DD5F3C72B9A044A0028D18D /* Release */,
			);
			defaultConfigurationIsVisible = 0;
			defaultConfigurationName = Release;
		};
		0DD5F3C82B9A044A0028D18D /* Build configuration list for PBXNativeTarget "storyboad_projectUITests" */ = {
			isa = XCConfigurationList;
			buildConfigurations = (
				0DD5F3C92B9A044A0028D18D /* Debug */,
				0DD5F3CA2B9A044A0028D18D /* Release */,
			);
			defaultConfigurationIsVisible = 0;
			defaultConfigurationName = Release;
		};
/* End XCConfigurationList section */
	};
	rootObject = 0DD5F3902B9A04460028D18D /* Project object */;
}
